// !$*UTF8*$!
{
	archiveVersion = 1;
	classes = {
	};
	objectVersion = 46;
	objects = {

/* Begin PBXBuildFile section */
		62A360C01E1290970041D4A2 /* AppDelegate.swift in Sources */ = {isa = PBXBuildFile; fileRef = 62A360BF1E1290970041D4A2 /* AppDelegate.swift */; };
		62A360C21E1290970041D4A2 /* FirstPage.swift in Sources */ = {isa = PBXBuildFile; fileRef = 62A360C11E1290970041D4A2 /* FirstPage.swift */; };
		62A360C51E1290970041D4A2 /* Main.storyboard in Resources */ = {isa = PBXBuildFile; fileRef = 62A360C31E1290970041D4A2 /* Main.storyboard */; };
		62A360C71E1290970041D4A2 /* Assets.xcassets in Resources */ = {isa = PBXBuildFile; fileRef = 62A360C61E1290970041D4A2 /* Assets.xcassets */; };
		62A360CA1E1290970041D4A2 /* LaunchScreen.storyboard in Resources */ = {isa = PBXBuildFile; fileRef = 62A360C81E1290970041D4A2 /* LaunchScreen.storyboard */; };
		62A360D31E12AC690041D4A2 /* SecondPage.swift in Sources */ = {isa = PBXBuildFile; fileRef = 62A360D21E12AC690041D4A2 /* SecondPage.swift */; };
		62A360D91E12AE230041D4A2 /* DoseButton.swift in Sources */ = {isa = PBXBuildFile; fileRef = 62A360D81E12AE230041D4A2 /* DoseButton.swift */; };
		62A360DC1E12AF2F0041D4A2 /* Constant.swift in Sources */ = {isa = PBXBuildFile; fileRef = 62A360DB1E12AF2F0041D4A2 /* Constant.swift */; };
		62A360DE1E12B0590041D4A2 /* BasicView.swift in Sources */ = {isa = PBXBuildFile; fileRef = 62A360DD1E12B0590041D4A2 /* BasicView.swift */; };
		62A360E01E12B3100041D4A2 /* ThirdPage.swift in Sources */ = {isa = PBXBuildFile; fileRef = 62A360DF1E12B3100041D4A2 /* ThirdPage.swift */; };
		62A360E21E12B6190041D4A2 /* ForthPage.swift in Sources */ = {isa = PBXBuildFile; fileRef = 62A360E11E12B6190041D4A2 /* ForthPage.swift */; };
/* End PBXBuildFile section */

/* Begin PBXFileReference section */
		62A360BC1E1290970041D4A2 /* Drug Dose Conversion.app */ = {isa = PBXFileReference; explicitFileType = wrapper.application; includeInIndex = 0; path = "Drug Dose Conversion.app"; sourceTree = BUILT_PRODUCTS_DIR; };
		62A360BF1E1290970041D4A2 /* AppDelegate.swift */ = {isa = PBXFileReference; lastKnownFileType = sourcecode.swift; path = AppDelegate.swift; sourceTree = "<group>"; };
		62A360C11E1290970041D4A2 /* FirstPage.swift */ = {isa = PBXFileReference; lastKnownFileType = sourcecode.swift; path = FirstPage.swift; sourceTree = "<group>"; };
		62A360C41E1290970041D4A2 /* Base */ = {isa = PBXFileReference; lastKnownFileType = file.storyboard; name = Base; path = Base.lproj/Main.storyboard; sourceTree = "<group>"; };
		62A360C61E1290970041D4A2 /* Assets.xcassets */ = {isa = PBXFileReference; lastKnownFileType = folder.assetcatalog; path = Assets.xcassets; sourceTree = "<group>"; };
		62A360C91E1290970041D4A2 /* Base */ = {isa = PBXFileReference; lastKnownFileType = file.storyboard; name = Base; path = Base.lproj/LaunchScreen.storyboard; sourceTree = "<group>"; };
		62A360CB1E1290970041D4A2 /* Info.plist */ = {isa = PBXFileReference; lastKnownFileType = text.plist.xml; path = Info.plist; sourceTree = "<group>"; };
		62A360D21E12AC690041D4A2 /* SecondPage.swift */ = {isa = PBXFileReference; fileEncoding = 4; lastKnownFileType = sourcecode.swift; path = SecondPage.swift; sourceTree = "<group>"; };
		62A360D81E12AE230041D4A2 /* DoseButton.swift */ = {isa = PBXFileReference; fileEncoding = 4; lastKnownFileType = sourcecode.swift; path = DoseButton.swift; sourceTree = "<group>"; };
		62A360DB1E12AF2F0041D4A2 /* Constant.swift */ = {isa = PBXFileReference; fileEncoding = 4; lastKnownFileType = sourcecode.swift; path = Constant.swift; sourceTree = "<group>"; };
		62A360DD1E12B0590041D4A2 /* BasicView.swift */ = {isa = PBXFileReference; fileEncoding = 4; lastKnownFileType = sourcecode.swift; path = BasicView.swift; sourceTree = "<group>"; };
		62A360DF1E12B3100041D4A2 /* ThirdPage.swift */ = {isa = PBXFileReference; fileEncoding = 4; lastKnownFileType = sourcecode.swift; path = ThirdPage.swift; sourceTree = "<group>"; };
		62A360E11E12B6190041D4A2 /* ForthPage.swift */ = {isa = PBXFileReference; fileEncoding = 4; lastKnownFileType = sourcecode.swift; path = ForthPage.swift; sourceTree = "<group>"; };
/* End PBXFileReference section */

/* Begin PBXFrameworksBuildPhase section */
		62A360B91E1290970041D4A2 /* Frameworks */ = {
			isa = PBXFrameworksBuildPhase;
			buildActionMask = 2147483647;
			files = (
			);
			runOnlyForDeploymentPostprocessing = 0;
		};
/* End PBXFrameworksBuildPhase section */

/* Begin PBXGroup section */
		62A360B31E1290970041D4A2 = {
			isa = PBXGroup;
			children = (
				62A360BE1E1290970041D4A2 /* Drug Dose Conversion */,
				62A360BD1E1290970041D4A2 /* Products */,
			);
			sourceTree = "<group>";
		};
		62A360BD1E1290970041D4A2 /* Products */ = {
			isa = PBXGroup;
			children = (
				62A360BC1E1290970041D4A2 /* Drug Dose Conversion.app */,
			);
			name = Products;
			sourceTree = "<group>";
		};
		62A360BE1E1290970041D4A2 /* Drug Dose Conversion */ = {
			isa = PBXGroup;
			children = (
				62A360DA1E12AF060041D4A2 /* Util */,
				62A360D71E12ADDA0041D4A2 /* View */,
				62A360D61E12AD590041D4A2 /* Model */,
				62A360D11E12ABBC0041D4A2 /* Controller */,
				62A360BF1E1290970041D4A2 /* AppDelegate.swift */,
				62A360C31E1290970041D4A2 /* Main.storyboard */,
				62A360C61E1290970041D4A2 /* Assets.xcassets */,
				62A360C81E1290970041D4A2 /* LaunchScreen.storyboard */,
				62A360CB1E1290970041D4A2 /* Info.plist */,
			);
			path = "Drug Dose Conversion";
			sourceTree = "<group>";
		};
		62A360D11E12ABBC0041D4A2 /* Controller */ = {
			isa = PBXGroup;
			children = (
				62A360C11E1290970041D4A2 /* FirstPage.swift */,
				62A360D21E12AC690041D4A2 /* SecondPage.swift */,
				62A360DF1E12B3100041D4A2 /* ThirdPage.swift */,
				62A360E11E12B6190041D4A2 /* ForthPage.swift */,
			);
			name = Controller;
			sourceTree = "<group>";
		};
		62A360D61E12AD590041D4A2 /* Model */ = {
			isa = PBXGroup;
			children = (
			);
			name = Model;
			sourceTree = "<group>";
		};
		62A360D71E12ADDA0041D4A2 /* View */ = {
			isa = PBXGroup;
			children = (
				62A360D81E12AE230041D4A2 /* DoseButton.swift */,
				62A360DD1E12B0590041D4A2 /* BasicView.swift */,
			);
			name = View;
			sourceTree = "<group>";
		};
		62A360DA1E12AF060041D4A2 /* Util */ = {
			isa = PBXGroup;
			children = (
				62A360DB1E12AF2F0041D4A2 /* Constant.swift */,
			);
			name = Util;
			sourceTree = "<group>";
		};
/* End PBXGroup section */

/* Begin PBXNativeTarget section */
		62A360BB1E1290970041D4A2 /* Drug Dose Conversion */ = {
			isa = PBXNativeTarget;
			buildConfigurationList = 62A360CE1E1290970041D4A2 /* Build configuration list for PBXNativeTarget "Drug Dose Conversion" */;
			buildPhases = (
				62A360B81E1290970041D4A2 /* Sources */,
				62A360B91E1290970041D4A2 /* Frameworks */,
				62A360BA1E1290970041D4A2 /* Resources */,
			);
			buildRules = (
			);
			dependencies = (
			);
			name = "Drug Dose Conversion";
			productName = "Drug Dose Conversion";
			productReference = 62A360BC1E1290970041D4A2 /* Drug Dose Conversion.app */;
			productType = "com.apple.product-type.application";
		};
/* End PBXNativeTarget section */

/* Begin PBXProject section */
		62A360B41E1290970041D4A2 /* Project object */ = {
			isa = PBXProject;
			attributes = {
				LastSwiftUpdateCheck = 0820;
				LastUpgradeCheck = 0820;
				ORGANIZATIONNAME = "Anan Lappikulthong";
				TargetAttributes = {
					62A360BB1E1290970041D4A2 = {
						CreatedOnToolsVersion = 8.2.1;
						ProvisioningStyle = Automatic;
					};
				};
			};
			buildConfigurationList = 62A360B71E1290970041D4A2 /* Build configuration list for PBXProject "Drug Dose Conversion" */;
			compatibilityVersion = "Xcode 3.2";
			developmentRegion = English;
			hasScannedForEncodings = 0;
			knownRegions = (
				en,
				Base,
			);
			mainGroup = 62A360B31E1290970041D4A2;
			productRefGroup = 62A360BD1E1290970041D4A2 /* Products */;
			projectDirPath = "";
			projectRoot = "";
			targets = (
				62A360BB1E1290970041D4A2 /* Drug Dose Conversion */,
			);
		};
/* End PBXProject section */

/* Begin PBXResourcesBuildPhase section */
		62A360BA1E1290970041D4A2 /* Resources */ = {
			isa = PBXResourcesBuildPhase;
			buildActionMask = 2147483647;
			files = (
				62A360CA1E1290970041D4A2 /* LaunchScreen.storyboard in Resources */,
				62A360C71E1290970041D4A2 /* Assets.xcassets in Resources */,
				62A360C51E1290970041D4A2 /* Main.storyboard in Resources */,
			);
			runOnlyForDeploymentPostprocessing = 0;
		};
/* End PBXResourcesBuildPhase section */

/* Begin PBXSourcesBuildPhase section */
		62A360B81E1290970041D4A2 /* Sources */ = {
			isa = PBXSourcesBuildPhase;
			buildActionMask = 2147483647;
			files = (
				62A360C21E1290970041D4A2 /* FirstPage.swift in Sources */,
				62A360C01E1290970041D4A2 /* AppDelegate.swift in Sources */,
				62A360E21E12B6190041D4A2 /* ForthPage.swift in Sources */,
				62A360DC1E12AF2F0041D4A2 /* Constant.swift in Sources */,
				62A360E01E12B3100041D4A2 /* ThirdPage.swift in Sources */,
				62A360DE1E12B0590041D4A2 /* BasicView.swift in Sources */,
				62A360D91E12AE230041D4A2 /* DoseButton.swift in Sources */,
				62A360D31E12AC690041D4A2 /* SecondPage.swift in Sources */,
			);
			runOnlyForDeploymentPostprocessing = 0;
		};
/* End PBXSourcesBuildPhase section */

/* Begin PBXVariantGroup section */
		62A360C31E1290970041D4A2 /* Main.storyboard */ = {
			isa = PBXVariantGroup;
			children = (
				62A360C41E1290970041D4A2 /* Base */,
			);
			name = Main.storyboard;
			sourceTree = "<group>";
		};
		62A360C81E1290970041D4A2 /* LaunchScreen.storyboard */ = {
			isa = PBXVariantGroup;
			children = (
				62A360C91E1290970041D4A2 /* Base */,
			);
			name = LaunchScreen.storyboard;
			sourceTree = "<group>";
		};
/* End PBXVariantGroup section */

/* Begin XCBuildConfiguration section */
		62A360CC1E1290970041D4A2 /* Debug */ = {
			isa = XCBuildConfiguration;
			buildSettings = {
				ALWAYS_SEARCH_USER_PATHS = NO;
				CLANG_ANALYZER_NONNULL = YES;
				CLANG_CXX_LANGUAGE_STANDARD = "gnu++0x";
				CLANG_CXX_LIBRARY = "libc++";
				CLANG_ENABLE_MODULES = YES;
				CLANG_ENABLE_OBJC_ARC = YES;
				CLANG_WARN_BOOL_CONVERSION = YES;
				CLANG_WARN_CONSTANT_CONVERSION = YES;
				CLANG_WARN_DIRECT_OBJC_ISA_USAGE = YES_ERROR;
				CLANG_WARN_DOCUMENTATION_COMMENTS = YES;
				CLANG_WARN_EMPTY_BODY = YES;
				CLANG_WARN_ENUM_CONVERSION = YES;
				CLANG_WARN_INFINITE_RECURSION = YES;
				CLANG_WARN_INT_CONVERSION = YES;
				CLANG_WARN_OBJC_ROOT_CLASS = YES_ERROR;
				CLANG_WARN_SUSPICIOUS_MOVE = YES;
				CLANG_WARN_UNREACHABLE_CODE = YES;
				CLANG_WARN__DUPLICATE_METHOD_MATCH = YES;
				"CODE_SIGN_IDENTITY[sdk=iphoneos*]" = "iPhone Developer";
				COPY_PHASE_STRIP = NO;
				DEBUG_INFORMATION_FORMAT = dwarf;
				ENABLE_STRICT_OBJC_MSGSEND = YES;
				ENABLE_TESTABILITY = YES;
				GCC_C_LANGUAGE_STANDARD = gnu99;
				GCC_DYNAMIC_NO_PIC = NO;
				GCC_NO_COMMON_BLOCKS = YES;
				GCC_OPTIMIZATION_LEVEL = 0;
				GCC_PREPROCESSOR_DEFINITIONS = (
					"DEBUG=1",
					"$(inherited)",
				);
				GCC_WARN_64_TO_32_BIT_CONVERSION = YES;
				GCC_WARN_ABOUT_RETURN_TYPE = YES_ERROR;
				GCC_WARN_UNDECLARED_SELECTOR = YES;
				GCC_WARN_UNINITIALIZED_AUTOS = YES_AGGRESSIVE;
				GCC_WARN_UNUSED_FUNCTION = YES;
				GCC_WARN_UNUSED_VARIABLE = YES;
				IPHONEOS_DEPLOYMENT_TARGET = 10.2;
				MTL_ENABLE_DEBUG_INFO = YES;
				ONLY_ACTIVE_ARCH = YES;
				SDKROOT = iphoneos;
				SWIFT_ACTIVE_COMPILATION_CONDITIONS = DEBUG;
				SWIFT_OPTIMIZATION_LEVEL = "-Onone";
				TARGETED_DEVICE_FAMILY = "1,2";
			};
			name = Debug;
		};
		62A360CD1E1290970041D4A2 /* Release */ = {
			isa = XCBuildConfiguration;
			buildSettings = {
				ALWAYS_SEARCH_USER_PATHS = NO;
				CLANG_ANALYZER_NONNULL = YES;
				CLANG_CXX_LANGUAGE_STANDARD = "gnu++0x";
				CLANG_CXX_LIBRARY = "libc++";
				CLANG_ENABLE_MODULES = YES;
				CLANG_ENABLE_OBJC_ARC = YES;
				CLANG_WARN_BOOL_CONVERSION = YES;
				CLANG_WARN_CONSTANT_CONVERSION = YES;
				CLANG_WARN_DIRECT_OBJC_ISA_USAGE = YES_ERROR;
				CLANG_WARN_DOCUMENTATION_COMMENTS = YES;
				CLANG_WARN_EMPTY_BODY = YES;
				CLANG_WARN_ENUM_CONVERSION = YES;
				CLANG_WARN_INFINITE_RECURSION = YES;
				CLANG_WARN_INT_CONVERSION = YES;
				CLANG_WARN_OBJC_ROOT_CLASS = YES_ERROR;
				CLANG_WARN_SUSPICIOUS_MOVE = YES;
				CLANG_WARN_UNREACHABLE_CODE = YES;
				CLANG_WARN__DUPLICATE_METHOD_MATCH = YES;
				"CODE_SIGN_IDENTITY[sdk=iphoneos*]" = "iPhone Developer";
				COPY_PHASE_STRIP = NO;
				DEBUG_INFORMATION_FORMAT = "dwarf-with-dsym";
				ENABLE_NS_ASSERTIONS = NO;
				ENABLE_STRICT_OBJC_MSGSEND = YES;
				GCC_C_LANGUAGE_STANDARD = gnu99;
				GCC_NO_COMMON_BLOCKS = YES;
				GCC_WARN_64_TO_32_BIT_CONVERSION = YES;
				GCC_WARN_ABOUT_RETURN_TYPE = YES_ERROR;
				GCC_WARN_UNDECLARED_SELECTOR = YES;
				GCC_WARN_UNINITIALIZED_AUTOS = YES_AGGRESSIVE;
				GCC_WARN_UNUSED_FUNCTION = YES;
				GCC_WARN_UNUSED_VARIABLE = YES;
				IPHONEOS_DEPLOYMENT_TARGET = 10.2;
				MTL_ENABLE_DEBUG_INFO = NO;
				SDKROOT = iphoneos;
				SWIFT_OPTIMIZATION_LEVEL = "-Owholemodule";
				TARGETED_DEVICE_FAMILY = "1,2";
				VALIDATE_PRODUCT = YES;
			};
			name = Release;
		};
		62A360CF1E1290970041D4A2 /* Debug */ = {
			isa = XCBuildConfiguration;
			buildSettings = {
				ASSETCATALOG_COMPILER_APPICON_NAME = AppIcon;
				INFOPLIST_FILE = "Drug Dose Conversion/Info.plist";
				LD_RUNPATH_SEARCH_PATHS = "$(inherited) @executable_path/Frameworks";
				PRODUCT_BUNDLE_IDENTIFIER = "Ananlap.Drug-Dose-Conversion";
				PRODUCT_NAME = "$(TARGET_NAME)";
				SWIFT_VERSION = 3.0;
			};
			name = Debug;
		};
		62A360D01E1290970041D4A2 /* Release */ = {
			isa = XCBuildConfiguration;
			buildSettings = {
				ASSETCATALOG_COMPILER_APPICON_NAME = AppIcon;
				INFOPLIST_FILE = "Drug Dose Conversion/Info.plist";
				LD_RUNPATH_SEARCH_PATHS = "$(inherited) @executable_path/Frameworks";
				PRODUCT_BUNDLE_IDENTIFIER = "Ananlap.Drug-Dose-Conversion";
				PRODUCT_NAME = "$(TARGET_NAME)";
				SWIFT_VERSION = 3.0;
			};
			name = Release;
		};
/* End XCBuildConfiguration section */

/* Begin XCConfigurationList section */
		62A360B71E1290970041D4A2 /* Build configuration list for PBXProject "Drug Dose Conversion" */ = {
			isa = XCConfigurationList;
			buildConfigurations = (
				62A360CC1E1290970041D4A2 /* Debug */,
				62A360CD1E1290970041D4A2 /* Release */,
			);
			defaultConfigurationIsVisible = 0;
			defaultConfigurationName = Release;
		};
		62A360CE1E1290970041D4A2 /* Build configuration list for PBXNativeTarget "Drug Dose Conversion" */ = {
			isa = XCConfigurationList;
			buildConfigurations = (
				62A360CF1E1290970041D4A2 /* Debug */,
				62A360D01E1290970041D4A2 /* Release */,
			);
			defaultConfigurationIsVisible = 0;
		};
/* End XCConfigurationList section */
	};
	rootObject = 62A360B41E1290970041D4A2 /* Project object */;
}
